PODS:
  - Flutter (1.0.0)
  - get_version (0.0.1):
    - Flutter

DEPENDENCIES:
  - Flutter (from `Pods/.symlinks/flutter/ios`)
  - get_version (from `Pods/.symlinks/plugins/get_version/ios`)

EXTERNAL SOURCES:
  Flutter:
    :path: Pods/.symlinks/flutter/ios
  get_version:
    :path: Pods/.symlinks/plugins/get_version/ios

SPEC CHECKSUMS:
  Flutter: 9d0fac939486c9aba2809b7982dfdbb47a7b0296
  get_version: a59b7bd8fbf7543739bd853218b6685899419d05

PODFILE CHECKSUM: 70e69985f01fdaffe3180d3ae5e73472304a9371

COCOAPODS: 1.4.0
